
Microsoft Visual Studio Solution File, Format Version 12.00
# Visual Studio Version 16
VisualStudioVersion = 16.0.31424.327
MinimumVisualStudioVersion = 10.0.40219.1
Project("{FAE04EC0-301F-11D3-BF4B-00C04F79EFBC}") = "Vehicles01.Common", "Vehicles01.Common\Vehicles01.Common.csproj", "{0D0C38D6-3081-47B1-B93B-27C95D92016D}"
EndProject
Project("{FAE04EC0-301F-11D3-BF4B-00C04F79EFBC}") = "Vehicles01.API", "Vehicles01.API\Vehicles01.API.csproj", "{7AEA7F60-B64E-4E78-B1F3-03FEAA6B8115}"
EndProject
Global
	GlobalSection(SolutionConfigurationPlatforms) = preSolution
		Debug|Any CPU = Debug|Any CPU
		Release|Any CPU = Release|Any CPU
	EndGlobalSection
	GlobalSection(ProjectConfigurationPlatforms) = postSolution
		{0D0C38D6-3081-47B1-B93B-27C95D92016D}.Debug|Any CPU.ActiveCfg = Debug|Any CPU
		{0D0C38D6-3081-47B1-B93B-27C95D92016D}.Debug|Any CPU.Build.0 = Debug|Any CPU
		{0D0C38D6-3081-47B1-B93B-27C95D92016D}.Release|Any CPU.ActiveCfg = Release|Any CPU
		{0D0C38D6-3081-47B1-B93B-27C95D92016D}.Release|Any CPU.Build.0 = Release|Any CPU
		{7AEA7F60-B64E-4E78-B1F3-03FEAA6B8115}.Debug|Any CPU.ActiveCfg = Debug|Any CPU
		{7AEA7F60-B64E-4E78-B1F3-03FEAA6B8115}.Debug|Any CPU.Build.0 = Debug|Any CPU
		{7AEA7F60-B64E-4E78-B1F3-03FEAA6B8115}.Release|Any CPU.ActiveCfg = Release|Any CPU
		{7AEA7F60-B64E-4E78-B1F3-03FEAA6B8115}.Release|Any CPU.Build.0 = Release|Any CPU
	EndGlobalSection
	GlobalSection(SolutionProperties) = preSolution
		HideSolutionNode = FALSE
	EndGlobalSection
	GlobalSection(ExtensibilityGlobals) = postSolution
		SolutionGuid = {96EF90C4-4A60-474C-B106-BC542520ACFD}
	EndGlobalSection
EndGlobal
